// !$*UTF8*$!
{
	archiveVersion = 1;
	classes = {
	};
	objectVersion = 56;
	objects = {

/* Begin PBXBuildFile section */
		49036398292A80A400D0F4A7 /* UserStateViewModel.swift in Sources */ = {isa = PBXBuildFile; fileRef = 49036397292A80A400D0F4A7 /* UserStateViewModel.swift */; };
		4903639C292A8C8800D0F4A7 /* UserResponse.swift in Sources */ = {isa = PBXBuildFile; fileRef = 4903639B292A8C8800D0F4A7 /* UserResponse.swift */; };
		4923A10929129AB50050ABBE /* MainTabView.swift in Sources */ = {isa = PBXBuildFile; fileRef = 4923A10829129AB50050ABBE /* MainTabView.swift */; };
		4923A10C2913EC640050ABBE /* TabBarIcon.swift in Sources */ = {isa = PBXBuildFile; fileRef = 4923A10B2913EC640050ABBE /* TabBarIcon.swift */; };
		4952CE2428FFD6C100B93F91 /* SignUpScreen.swift in Sources */ = {isa = PBXBuildFile; fileRef = 4952CE2328FFD6C100B93F91 /* SignUpScreen.swift */; };
		4952CE2C290014E600B93F91 /* GDPR.swift in Sources */ = {isa = PBXBuildFile; fileRef = 4952CE2B290014E600B93F91 /* GDPR.swift */; };
		4952CE302900162F00B93F91 /* Inter-Thin.ttf in Resources */ = {isa = PBXBuildFile; fileRef = 4952CE2D2900162F00B93F91 /* Inter-Thin.ttf */; };
		4952CE312900162F00B93F91 /* Inter-Medium.ttf in Resources */ = {isa = PBXBuildFile; fileRef = 4952CE2E2900162F00B93F91 /* Inter-Medium.ttf */; };
		4952CE322900162F00B93F91 /* Inter-SemiBold.ttf in Resources */ = {isa = PBXBuildFile; fileRef = 4952CE2F2900162F00B93F91 /* Inter-SemiBold.ttf */; };
		4952CE342900267200B93F91 /* UIScreen+Extensions.swift in Sources */ = {isa = PBXBuildFile; fileRef = 4952CE332900267200B93F91 /* UIScreen+Extensions.swift */; };
		4952CE37290030A000B93F91 /* StoryRowView.swift in Sources */ = {isa = PBXBuildFile; fileRef = 4952CE36290030A000B93F91 /* StoryRowView.swift */; };
		4952CE39290034FC00B93F91 /* FeedScreen.swift in Sources */ = {isa = PBXBuildFile; fileRef = 4952CE38290034FC00B93F91 /* FeedScreen.swift */; };
		4952CE3B290119D600B93F91 /* CreateStoryView.swift in Sources */ = {isa = PBXBuildFile; fileRef = 4952CE3A290119D600B93F91 /* CreateStoryView.swift */; };
		4952CE3D29011C2000B93F91 /* TweetView.swift in Sources */ = {isa = PBXBuildFile; fileRef = 4952CE3C29011C2000B93F91 /* TweetView.swift */; };
		4952CE3F29011D6600B93F91 /* Color+Extensions.swift in Sources */ = {isa = PBXBuildFile; fileRef = 4952CE3E29011D6600B93F91 /* Color+Extensions.swift */; };
		4952CE4129011FD700B93F91 /* CustomIcon.swift in Sources */ = {isa = PBXBuildFile; fileRef = 4952CE4029011FD700B93F91 /* CustomIcon.swift */; };
		4952CE432901865B00B93F91 /* StringTransformation.swift in Sources */ = {isa = PBXBuildFile; fileRef = 4952CE422901865B00B93F91 /* StringTransformation.swift */; };
		4968A372292B74B100D03974 /* MessageTextField.swift in Sources */ = {isa = PBXBuildFile; fileRef = 4968A371292B74B100D03974 /* MessageTextField.swift */; };
		4968A374292BA77C00D03974 /* IconButton.swift in Sources */ = {isa = PBXBuildFile; fileRef = 4968A373292BA77C00D03974 /* IconButton.swift */; };
		4968A37B292BB15000D03974 /* ProfileScreen.swift in Sources */ = {isa = PBXBuildFile; fileRef = 4968A37A292BB15000D03974 /* ProfileScreen.swift */; };
		4968A37E292BB64200D03974 /* CustomLabel.swift in Sources */ = {isa = PBXBuildFile; fileRef = 4968A37D292BB64200D03974 /* CustomLabel.swift */; };
		4968A380292BBA9400D03974 /* CountLabel.swift in Sources */ = {isa = PBXBuildFile; fileRef = 4968A37F292BBA9400D03974 /* CountLabel.swift */; };
		49AF529B292B51AC00420AE1 /* DetailMessageScreen.swift in Sources */ = {isa = PBXBuildFile; fileRef = 49AF529A292B51AC00420AE1 /* DetailMessageScreen.swift */; };
		49AF529D292B52EB00420AE1 /* Message.swift in Sources */ = {isa = PBXBuildFile; fileRef = 49AF529C292B52EB00420AE1 /* Message.swift */; };
		49AF529F292B531F00420AE1 /* ContentMessageView.swift in Sources */ = {isa = PBXBuildFile; fileRef = 49AF529E292B531F00420AE1 /* ContentMessageView.swift */; };
		49AF52A1292B56C700420AE1 /* LoginScreen.swift in Sources */ = {isa = PBXBuildFile; fileRef = 49AF52A0292B56C700420AE1 /* LoginScreen.swift */; };
		49AF52A3292B571200420AE1 /* MessageView.swift in Sources */ = {isa = PBXBuildFile; fileRef = 49AF52A2292B571200420AE1 /* MessageView.swift */; };
		49B5159528FD4F1B004D30A2 /* ChatAppApp.swift in Sources */ = {isa = PBXBuildFile; fileRef = 49B5159428FD4F1B004D30A2 /* ChatAppApp.swift */; };
		49B5159728FD4F1B004D30A2 /* ContentView.swift in Sources */ = {isa = PBXBuildFile; fileRef = 49B5159628FD4F1B004D30A2 /* ContentView.swift */; };
		49B5159928FD4F1D004D30A2 /* Assets.xcassets in Resources */ = {isa = PBXBuildFile; fileRef = 49B5159828FD4F1D004D30A2 /* Assets.xcassets */; };
		49B5159C28FD4F1D004D30A2 /* Preview Assets.xcassets in Resources */ = {isa = PBXBuildFile; fileRef = 49B5159B28FD4F1D004D30A2 /* Preview Assets.xcassets */; };
		49B515BF28FE7317004D30A2 /* Poppins-Bold.ttf in Resources */ = {isa = PBXBuildFile; fileRef = 49B515B628FE730E004D30A2 /* Poppins-Bold.ttf */; };
		49B515C328FE7374004D30A2 /* Poppins-Medium.ttf in Resources */ = {isa = PBXBuildFile; fileRef = 49B515BB28FE730E004D30A2 /* Poppins-Medium.ttf */; };
		49B515C428FE7374004D30A2 /* Poppins-ExtraBold.ttf in Resources */ = {isa = PBXBuildFile; fileRef = 49B515BE28FE730E004D30A2 /* Poppins-ExtraBold.ttf */; };
		49B515C528FE7374004D30A2 /* Roboto-Bold.ttf in Resources */ = {isa = PBXBuildFile; fileRef = 49B515B428FD9E28004D30A2 /* Roboto-Bold.ttf */; };
		49B515C628FE7374004D30A2 /* Poppins-SemiBold.ttf in Resources */ = {isa = PBXBuildFile; fileRef = 49B515BC28FE730E004D30A2 /* Poppins-SemiBold.ttf */; };
		49B515C728FE7374004D30A2 /* Roboto-Light.ttf in Resources */ = {isa = PBXBuildFile; fileRef = 49B515AC28FD9E27004D30A2 /* Roboto-Light.ttf */; };
		49B515C828FE7374004D30A2 /* Poppins-Black.ttf in Resources */ = {isa = PBXBuildFile; fileRef = 49B515B928FE730E004D30A2 /* Poppins-Black.ttf */; };
		49B515C928FE7374004D30A2 /* Roboto-Thin.ttf in Resources */ = {isa = PBXBuildFile; fileRef = 49B515AB28FD9E26004D30A2 /* Roboto-Thin.ttf */; };
		49B515CA28FE7374004D30A2 /* Poppins-Light.ttf in Resources */ = {isa = PBXBuildFile; fileRef = 49B515B828FE730E004D30A2 /* Poppins-Light.ttf */; };
		49B515CB28FE7374004D30A2 /* Poppins-ExtraLight.ttf in Resources */ = {isa = PBXBuildFile; fileRef = 49B515BA28FE730E004D30A2 /* Poppins-ExtraLight.ttf */; };
		49B515CC28FE7374004D30A2 /* Roboto-BoldItalic.ttf in Resources */ = {isa = PBXBuildFile; fileRef = 49B515B028FD9E27004D30A2 /* Roboto-BoldItalic.ttf */; };
		49B515CD28FE7374004D30A2 /* Poppins-Regular.ttf in Resources */ = {isa = PBXBuildFile; fileRef = 49B515B728FE730E004D30A2 /* Poppins-Regular.ttf */; };
		49B515CE28FE7374004D30A2 /* Roboto-Medium.ttf in Resources */ = {isa = PBXBuildFile; fileRef = 49B515B128FD9E28004D30A2 /* Roboto-Medium.ttf */; };
		49B515CF28FE7374004D30A2 /* Roboto-MediumItalic.ttf in Resources */ = {isa = PBXBuildFile; fileRef = 49B515B228FD9E28004D30A2 /* Roboto-MediumItalic.ttf */; };
		49B515D028FE7374004D30A2 /* Roboto-Regular.ttf in Resources */ = {isa = PBXBuildFile; fileRef = 49B515B328FD9E28004D30A2 /* Roboto-Regular.ttf */; };
		49B515D128FE7374004D30A2 /* Roboto-Italic.ttf in Resources */ = {isa = PBXBuildFile; fileRef = 49B515AE28FD9E27004D30A2 /* Roboto-Italic.ttf */; };
		49B515D228FE7374004D30A2 /* Roboto-ThinItalic.ttf in Resources */ = {isa = PBXBuildFile; fileRef = 49B515AA28FD9E26004D30A2 /* Roboto-ThinItalic.ttf */; };
		49B515D328FE7374004D30A2 /* Roboto-BlackItalic.ttf in Resources */ = {isa = PBXBuildFile; fileRef = 49B515B528FD9E28004D30A2 /* Roboto-BlackItalic.ttf */; };
		49B515D428FE7374004D30A2 /* Roboto-LightItalic.ttf in Resources */ = {isa = PBXBuildFile; fileRef = 49B515AF28FD9E27004D30A2 /* Roboto-LightItalic.ttf */; };
		49B515D528FE7374004D30A2 /* Poppins-Thin.ttf in Resources */ = {isa = PBXBuildFile; fileRef = 49B515BD28FE730E004D30A2 /* Poppins-Thin.ttf */; };
		49B515D628FE7374004D30A2 /* Roboto-Black.ttf in Resources */ = {isa = PBXBuildFile; fileRef = 49B515AD28FD9E27004D30A2 /* Roboto-Black.ttf */; };
		49B515E028FEA524004D30A2 /* CustomInputField.swift in Sources */ = {isa = PBXBuildFile; fileRef = 49B515DF28FEA524004D30A2 /* CustomInputField.swift */; };
		49B515E228FEA784004D30A2 /* CustomSecureInput.swift in Sources */ = {isa = PBXBuildFile; fileRef = 49B515E128FEA784004D30A2 /* CustomSecureInput.swift */; };
		49B515E628FEC569004D30A2 /* CheckboxField.swift in Sources */ = {isa = PBXBuildFile; fileRef = 49B515E528FEC569004D30A2 /* CheckboxField.swift */; };
		49B515E828FEE1E7004D30A2 /* RoundedShape.swift in Sources */ = {isa = PBXBuildFile; fileRef = 49B515E728FEE1E7004D30A2 /* RoundedShape.swift */; };
		49D7A818291925AC009A08C1 /* ViewRouter.swift in Sources */ = {isa = PBXBuildFile; fileRef = 49D7A817291925AC009A08C1 /* ViewRouter.swift */; };
		49D7A81B29194CCE009A08C1 /* TextLargeButtonStyle.swift in Sources */ = {isa = PBXBuildFile; fileRef = 49D7A81A29194CCE009A08C1 /* TextLargeButtonStyle.swift */; };
		49D7A821291A2D1C009A08C1 /* MessageScreen.swift in Sources */ = {isa = PBXBuildFile; fileRef = 49D7A820291A2D1C009A08C1 /* MessageScreen.swift */; };
		49D7A826291A3185009A08C1 /* MessageRowView.swift in Sources */ = {isa = PBXBuildFile; fileRef = 49D7A825291A3185009A08C1 /* MessageRowView.swift */; };
/* End PBXBuildFile section */

/* Begin PBXFileReference section */
		49036397292A80A400D0F4A7 /* UserStateViewModel.swift */ = {isa = PBXFileReference; lastKnownFileType = sourcecode.swift; path = UserStateViewModel.swift; sourceTree = "<group>"; };
		4903639B292A8C8800D0F4A7 /* UserResponse.swift */ = {isa = PBXFileReference; lastKnownFileType = sourcecode.swift; path = UserResponse.swift; sourceTree = "<group>"; };
		4923A10829129AB50050ABBE /* MainTabView.swift */ = {isa = PBXFileReference; lastKnownFileType = sourcecode.swift; path = MainTabView.swift; sourceTree = "<group>"; };
		4923A10B2913EC640050ABBE /* TabBarIcon.swift */ = {isa = PBXFileReference; lastKnownFileType = sourcecode.swift; path = TabBarIcon.swift; sourceTree = "<group>"; };
		4952CE2328FFD6C100B93F91 /* SignUpScreen.swift */ = {isa = PBXFileReference; lastKnownFileType = sourcecode.swift; path = SignUpScreen.swift; sourceTree = "<group>"; };
		4952CE2B290014E600B93F91 /* GDPR.swift */ = {isa = PBXFileReference; lastKnownFileType = sourcecode.swift; path = GDPR.swift; sourceTree = "<group>"; };
		4952CE2D2900162F00B93F91 /* Inter-Thin.ttf */ = {isa = PBXFileReference; lastKnownFileType = file; path = "Inter-Thin.ttf"; sourceTree = "<group>"; };
		4952CE2E2900162F00B93F91 /* Inter-Medium.ttf */ = {isa = PBXFileReference; lastKnownFileType = file; path = "Inter-Medium.ttf"; sourceTree = "<group>"; };
		4952CE2F2900162F00B93F91 /* Inter-SemiBold.ttf */ = {isa = PBXFileReference; lastKnownFileType = file; path = "Inter-SemiBold.ttf"; sourceTree = "<group>"; };
		4952CE332900267200B93F91 /* UIScreen+Extensions.swift */ = {isa = PBXFileReference; lastKnownFileType = sourcecode.swift; path = "UIScreen+Extensions.swift"; sourceTree = "<group>"; };
		4952CE36290030A000B93F91 /* StoryRowView.swift */ = {isa = PBXFileReference; lastKnownFileType = sourcecode.swift; path = StoryRowView.swift; sourceTree = "<group>"; };
		4952CE38290034FC00B93F91 /* FeedScreen.swift */ = {isa = PBXFileReference; lastKnownFileType = sourcecode.swift; path = FeedScreen.swift; sourceTree = "<group>"; };
		4952CE3A290119D600B93F91 /* CreateStoryView.swift */ = {isa = PBXFileReference; lastKnownFileType = sourcecode.swift; path = CreateStoryView.swift; sourceTree = "<group>"; };
		4952CE3C29011C2000B93F91 /* TweetView.swift */ = {isa = PBXFileReference; lastKnownFileType = sourcecode.swift; path = TweetView.swift; sourceTree = "<group>"; };
		4952CE3E29011D6600B93F91 /* Color+Extensions.swift */ = {isa = PBXFileReference; lastKnownFileType = sourcecode.swift; path = "Color+Extensions.swift"; sourceTree = "<group>"; };
		4952CE4029011FD700B93F91 /* CustomIcon.swift */ = {isa = PBXFileReference; lastKnownFileType = sourcecode.swift; path = CustomIcon.swift; sourceTree = "<group>"; };
		4952CE422901865B00B93F91 /* StringTransformation.swift */ = {isa = PBXFileReference; lastKnownFileType = sourcecode.swift; path = StringTransformation.swift; sourceTree = "<group>"; };
		4968A371292B74B100D03974 /* MessageTextField.swift */ = {isa = PBXFileReference; lastKnownFileType = sourcecode.swift; path = MessageTextField.swift; sourceTree = "<group>"; };
		4968A373292BA77C00D03974 /* IconButton.swift */ = {isa = PBXFileReference; lastKnownFileType = sourcecode.swift; path = IconButton.swift; sourceTree = "<group>"; };
		4968A37A292BB15000D03974 /* ProfileScreen.swift */ = {isa = PBXFileReference; lastKnownFileType = sourcecode.swift; path = ProfileScreen.swift; sourceTree = "<group>"; };
		4968A37D292BB64200D03974 /* CustomLabel.swift */ = {isa = PBXFileReference; lastKnownFileType = sourcecode.swift; path = CustomLabel.swift; sourceTree = "<group>"; };
		4968A37F292BBA9400D03974 /* CountLabel.swift */ = {isa = PBXFileReference; lastKnownFileType = sourcecode.swift; path = CountLabel.swift; sourceTree = "<group>"; };
		49AF529A292B51AC00420AE1 /* DetailMessageScreen.swift */ = {isa = PBXFileReference; lastKnownFileType = sourcecode.swift; path = DetailMessageScreen.swift; sourceTree = "<group>"; };
		49AF529C292B52EB00420AE1 /* Message.swift */ = {isa = PBXFileReference; lastKnownFileType = sourcecode.swift; path = Message.swift; sourceTree = "<group>"; };
		49AF529E292B531F00420AE1 /* ContentMessageView.swift */ = {isa = PBXFileReference; lastKnownFileType = sourcecode.swift; path = ContentMessageView.swift; sourceTree = "<group>"; };
		49AF52A0292B56C700420AE1 /* LoginScreen.swift */ = {isa = PBXFileReference; lastKnownFileType = sourcecode.swift; path = LoginScreen.swift; sourceTree = "<group>"; };
		49AF52A2292B571200420AE1 /* MessageView.swift */ = {isa = PBXFileReference; lastKnownFileType = sourcecode.swift; path = MessageView.swift; sourceTree = "<group>"; };
		49B5159128FD4F1B004D30A2 /* ChatApp.app */ = {isa = PBXFileReference; explicitFileType = wrapper.application; includeInIndex = 0; path = ChatApp.app; sourceTree = BUILT_PRODUCTS_DIR; };
		49B5159428FD4F1B004D30A2 /* ChatAppApp.swift */ = {isa = PBXFileReference; lastKnownFileType = sourcecode.swift; path = ChatAppApp.swift; sourceTree = "<group>"; };
		49B5159628FD4F1B004D30A2 /* ContentView.swift */ = {isa = PBXFileReference; lastKnownFileType = sourcecode.swift; path = ContentView.swift; sourceTree = "<group>"; };
		49B5159828FD4F1D004D30A2 /* Assets.xcassets */ = {isa = PBXFileReference; lastKnownFileType = folder.assetcatalog; path = Assets.xcassets; sourceTree = "<group>"; };
		49B5159B28FD4F1D004D30A2 /* Preview Assets.xcassets */ = {isa = PBXFileReference; lastKnownFileType = folder.assetcatalog; path = "Preview Assets.xcassets"; sourceTree = "<group>"; };
		49B515AA28FD9E26004D30A2 /* Roboto-ThinItalic.ttf */ = {isa = PBXFileReference; lastKnownFileType = file; path = "Roboto-ThinItalic.ttf"; sourceTree = "<group>"; };
		49B515AB28FD9E26004D30A2 /* Roboto-Thin.ttf */ = {isa = PBXFileReference; lastKnownFileType = file; path = "Roboto-Thin.ttf"; sourceTree = "<group>"; };
		49B515AC28FD9E27004D30A2 /* Roboto-Light.ttf */ = {isa = PBXFileReference; lastKnownFileType = file; path = "Roboto-Light.ttf"; sourceTree = "<group>"; };
		49B515AD28FD9E27004D30A2 /* Roboto-Black.ttf */ = {isa = PBXFileReference; lastKnownFileType = file; path = "Roboto-Black.ttf"; sourceTree = "<group>"; };
		49B515AE28FD9E27004D30A2 /* Roboto-Italic.ttf */ = {isa = PBXFileReference; lastKnownFileType = file; path = "Roboto-Italic.ttf"; sourceTree = "<group>"; };
		49B515AF28FD9E27004D30A2 /* Roboto-LightItalic.ttf */ = {isa = PBXFileReference; lastKnownFileType = file; path = "Roboto-LightItalic.ttf"; sourceTree = "<group>"; };
		49B515B028FD9E27004D30A2 /* Roboto-BoldItalic.ttf */ = {isa = PBXFileReference; lastKnownFileType = file; path = "Roboto-BoldItalic.ttf"; sourceTree = "<group>"; };
		49B515B128FD9E28004D30A2 /* Roboto-Medium.ttf */ = {isa = PBXFileReference; lastKnownFileType = file; path = "Roboto-Medium.ttf"; sourceTree = "<group>"; };
		49B515B228FD9E28004D30A2 /* Roboto-MediumItalic.ttf */ = {isa = PBXFileReference; lastKnownFileType = file; path = "Roboto-MediumItalic.ttf"; sourceTree = "<group>"; };
		49B515B328FD9E28004D30A2 /* Roboto-Regular.ttf */ = {isa = PBXFileReference; lastKnownFileType = file; path = "Roboto-Regular.ttf"; sourceTree = "<group>"; };
		49B515B428FD9E28004D30A2 /* Roboto-Bold.ttf */ = {isa = PBXFileReference; lastKnownFileType = file; path = "Roboto-Bold.ttf"; sourceTree = "<group>"; };
		49B515B528FD9E28004D30A2 /* Roboto-BlackItalic.ttf */ = {isa = PBXFileReference; lastKnownFileType = file; path = "Roboto-BlackItalic.ttf"; sourceTree = "<group>"; };
		49B515B628FE730E004D30A2 /* Poppins-Bold.ttf */ = {isa = PBXFileReference; lastKnownFileType = file; path = "Poppins-Bold.ttf"; sourceTree = "<group>"; };
		49B515B728FE730E004D30A2 /* Poppins-Regular.ttf */ = {isa = PBXFileReference; lastKnownFileType = file; path = "Poppins-Regular.ttf"; sourceTree = "<group>"; };
		49B515B828FE730E004D30A2 /* Poppins-Light.ttf */ = {isa = PBXFileReference; lastKnownFileType = file; path = "Poppins-Light.ttf"; sourceTree = "<group>"; };
		49B515B928FE730E004D30A2 /* Poppins-Black.ttf */ = {isa = PBXFileReference; lastKnownFileType = file; path = "Poppins-Black.ttf"; sourceTree = "<group>"; };
		49B515BA28FE730E004D30A2 /* Poppins-ExtraLight.ttf */ = {isa = PBXFileReference; lastKnownFileType = file; path = "Poppins-ExtraLight.ttf"; sourceTree = "<group>"; };
		49B515BB28FE730E004D30A2 /* Poppins-Medium.ttf */ = {isa = PBXFileReference; lastKnownFileType = file; path = "Poppins-Medium.ttf"; sourceTree = "<group>"; };
		49B515BC28FE730E004D30A2 /* Poppins-SemiBold.ttf */ = {isa = PBXFileReference; lastKnownFileType = file; path = "Poppins-SemiBold.ttf"; sourceTree = "<group>"; };
		49B515BD28FE730E004D30A2 /* Poppins-Thin.ttf */ = {isa = PBXFileReference; lastKnownFileType = file; path = "Poppins-Thin.ttf"; sourceTree = "<group>"; };
		49B515BE28FE730E004D30A2 /* Poppins-ExtraBold.ttf */ = {isa = PBXFileReference; lastKnownFileType = file; path = "Poppins-ExtraBold.ttf"; sourceTree = "<group>"; };
		49B515D728FE73DC004D30A2 /* Info.plist */ = {isa = PBXFileReference; lastKnownFileType = text.plist; path = Info.plist; sourceTree = "<group>"; };
		49B515DF28FEA524004D30A2 /* CustomInputField.swift */ = {isa = PBXFileReference; lastKnownFileType = sourcecode.swift; path = CustomInputField.swift; sourceTree = "<group>"; };
		49B515E128FEA784004D30A2 /* CustomSecureInput.swift */ = {isa = PBXFileReference; lastKnownFileType = sourcecode.swift; path = CustomSecureInput.swift; sourceTree = "<group>"; };
		49B515E528FEC569004D30A2 /* CheckboxField.swift */ = {isa = PBXFileReference; lastKnownFileType = sourcecode.swift; path = CheckboxField.swift; sourceTree = "<group>"; };
		49B515E728FEE1E7004D30A2 /* RoundedShape.swift */ = {isa = PBXFileReference; lastKnownFileType = sourcecode.swift; path = RoundedShape.swift; sourceTree = "<group>"; };
		49D7A817291925AC009A08C1 /* ViewRouter.swift */ = {isa = PBXFileReference; lastKnownFileType = sourcecode.swift; path = ViewRouter.swift; sourceTree = "<group>"; };
		49D7A81A29194CCE009A08C1 /* TextLargeButtonStyle.swift */ = {isa = PBXFileReference; lastKnownFileType = sourcecode.swift; path = TextLargeButtonStyle.swift; sourceTree = "<group>"; };
		49D7A820291A2D1C009A08C1 /* MessageScreen.swift */ = {isa = PBXFileReference; lastKnownFileType = sourcecode.swift; path = MessageScreen.swift; sourceTree = "<group>"; };
		49D7A825291A3185009A08C1 /* MessageRowView.swift */ = {isa = PBXFileReference; lastKnownFileType = sourcecode.swift; path = MessageRowView.swift; sourceTree = "<group>"; };
/* End PBXFileReference section */

/* Begin PBXFrameworksBuildPhase section */
		49B5158E28FD4F1B004D30A2 /* Frameworks */ = {
			isa = PBXFrameworksBuildPhase;
			buildActionMask = 2147483647;
			files = (
			);
			runOnlyForDeploymentPostprocessing = 0;
		};
/* End PBXFrameworksBuildPhase section */

/* Begin PBXGroup section */
		49036399292A8C3000D0F4A7 /* Models */ = {
			isa = PBXGroup;
			children = (
				4903639B292A8C8800D0F4A7 /* UserResponse.swift */,
				49AF529C292B52EB00420AE1 /* Message.swift */,
			);
			path = Models;
			sourceTree = "<group>";
		};
		4903639A292A8C4900D0F4A7 /* Screens */ = {
			isa = PBXGroup;
			children = (
				4968A377292BB11400D03974 /* Profile */,
				4952CE2528FFFAAC00B93F91 /* Feeds */,
				49D7A81C291A2C97009A08C1 /* Messages */,
				49B515D828FE867E004D30A2 /* Auth */,
			);
			path = Screens;
			sourceTree = "<group>";
		};
		4923A10729129A9B0050ABBE /* MainTab */ = {
			isa = PBXGroup;
			children = (
				49D7A8152919256B009A08C1 /* ViewModels */,
				49D7A8162919257E009A08C1 /* Views */,
			);
			path = MainTab;
			sourceTree = "<group>";
		};
		4923A10A2913EC4A0050ABBE /* TabBar */ = {
			isa = PBXGroup;
			children = (
				4923A10B2913EC640050ABBE /* TabBarIcon.swift */,
			);
			path = TabBar;
			sourceTree = "<group>";
		};
		4952CE2528FFFAAC00B93F91 /* Feeds */ = {
			isa = PBXGroup;
			children = (
				4952CE2728FFFAC300B93F91 /* ViewModels */,
				4952CE2628FFFAB200B93F91 /* Views */,
			);
			path = Feeds;
			sourceTree = "<group>";
		};
		4952CE2628FFFAB200B93F91 /* Views */ = {
			isa = PBXGroup;
			children = (
				4952CE38290034FC00B93F91 /* FeedScreen.swift */,
			);
			name = Views;
			sourceTree = "<group>";
		};
		4952CE2728FFFAC300B93F91 /* ViewModels */ = {
			isa = PBXGroup;
			children = (
			);
			name = ViewModels;
			sourceTree = "<group>";
		};
		4952CE2829000FEC00B93F91 /* Tweets */ = {
			isa = PBXGroup;
			children = (
				4952CE3C29011C2000B93F91 /* TweetView.swift */,
				4952CE4029011FD700B93F91 /* CustomIcon.swift */,
			);
			path = Tweets;
			sourceTree = "<group>";
		};
		4952CE292900122800B93F91 /* Shapes */ = {
			isa = PBXGroup;
			children = (
				49B515E728FEE1E7004D30A2 /* RoundedShape.swift */,
			);
			path = Shapes;
			sourceTree = "<group>";
		};
		4952CE2A2900123500B93F91 /* InputFields */ = {
			isa = PBXGroup;
			children = (
				49B515DF28FEA524004D30A2 /* CustomInputField.swift */,
				49B515E128FEA784004D30A2 /* CustomSecureInput.swift */,
				49B515E528FEC569004D30A2 /* CheckboxField.swift */,
			);
			path = InputFields;
			sourceTree = "<group>";
		};
		4952CE3529002D2B00B93F91 /* Stories */ = {
			isa = PBXGroup;
			children = (
				4952CE36290030A000B93F91 /* StoryRowView.swift */,
				4952CE3A290119D600B93F91 /* CreateStoryView.swift */,
			);
			path = Stories;
			sourceTree = "<group>";
		};
		4952CE442901872900B93F91 /* PropertyWrapper */ = {
			isa = PBXGroup;
			children = (
				4952CE422901865B00B93F91 /* StringTransformation.swift */,
			);
			path = PropertyWrapper;
			sourceTree = "<group>";
		};
		4968A370292B749700D03974 /* TextFields */ = {
			isa = PBXGroup;
			children = (
				4968A371292B74B100D03974 /* MessageTextField.swift */,
			);
			path = TextFields;
			sourceTree = "<group>";
		};
		4968A377292BB11400D03974 /* Profile */ = {
			isa = PBXGroup;
			children = (
				4968A378292BB11E00D03974 /* ViewModels */,
				4968A379292BB12400D03974 /* Views */,
			);
			path = Profile;
			sourceTree = "<group>";
		};
		4968A378292BB11E00D03974 /* ViewModels */ = {
			isa = PBXGroup;
			children = (
			);
			path = ViewModels;
			sourceTree = "<group>";
		};
		4968A379292BB12400D03974 /* Views */ = {
			isa = PBXGroup;
			children = (
				4968A37A292BB15000D03974 /* ProfileScreen.swift */,
			);
			path = Views;
			sourceTree = "<group>";
		};
		4968A37C292BB62C00D03974 /* Label */ = {
			isa = PBXGroup;
			children = (
				4968A37D292BB64200D03974 /* CustomLabel.swift */,
				4968A37F292BBA9400D03974 /* CountLabel.swift */,
			);
			path = Label;
			sourceTree = "<group>";
		};
		49B5158828FD4F1B004D30A2 = {
			isa = PBXGroup;
			children = (
				49B5159328FD4F1B004D30A2 /* ChatApp */,
				49B5159228FD4F1B004D30A2 /* Products */,
			);
			sourceTree = "<group>";
		};
		49B5159228FD4F1B004D30A2 /* Products */ = {
			isa = PBXGroup;
			children = (
				49B5159128FD4F1B004D30A2 /* ChatApp.app */,
			);
			name = Products;
			sourceTree = "<group>";
		};
		49B5159328FD4F1B004D30A2 /* ChatApp */ = {
			isa = PBXGroup;
			children = (
				49B515D728FE73DC004D30A2 /* Info.plist */,
				49B515A428FD4FD7004D30A2 /* Models */,
				49B515A528FD4FDD004D30A2 /* Services */,
				49B515A628FD4FE7004D30A2 /* Core */,
				49B515A328FD4FC6004D30A2 /* Extensions */,
				49B515A228FD4FBD004D30A2 /* Utils */,
				49B515A728FD4FF3004D30A2 /* Ressources */,
				49B5159428FD4F1B004D30A2 /* ChatAppApp.swift */,
				49B5159628FD4F1B004D30A2 /* ContentView.swift */,
				49B5159A28FD4F1D004D30A2 /* Preview Content */,
			);
			path = ChatApp;
			sourceTree = "<group>";
		};
		49B5159A28FD4F1D004D30A2 /* Preview Content */ = {
			isa = PBXGroup;
			children = (
				49B5159B28FD4F1D004D30A2 /* Preview Assets.xcassets */,
			);
			path = "Preview Content";
			sourceTree = "<group>";
		};
		49B515A228FD4FBD004D30A2 /* Utils */ = {
			isa = PBXGroup;
			children = (
				4952CE442901872900B93F91 /* PropertyWrapper */,
			);
			path = Utils;
			sourceTree = "<group>";
		};
		49B515A328FD4FC6004D30A2 /* Extensions */ = {
			isa = PBXGroup;
			children = (
				4952CE332900267200B93F91 /* UIScreen+Extensions.swift */,
				4952CE3E29011D6600B93F91 /* Color+Extensions.swift */,
			);
			path = Extensions;
			sourceTree = "<group>";
		};
		49B515A428FD4FD7004D30A2 /* Models */ = {
			isa = PBXGroup;
			children = (
			);
			path = Models;
			sourceTree = "<group>";
		};
		49B515A528FD4FDD004D30A2 /* Services */ = {
			isa = PBXGroup;
			children = (
			);
			path = Services;
			sourceTree = "<group>";
		};
		49B515A628FD4FE7004D30A2 /* Core */ = {
			isa = PBXGroup;
			children = (
				49036399292A8C3000D0F4A7 /* Models */,
				49B515A928FD51FC004D30A2 /* Components */,
				4923A10729129A9B0050ABBE /* MainTab */,
				4903639A292A8C4900D0F4A7 /* Screens */,
			);
			path = Core;
			sourceTree = "<group>";
		};
		49B515A728FD4FF3004D30A2 /* Ressources */ = {
			isa = PBXGroup;
			children = (
				49B515A828FD4FFD004D30A2 /* Fonts */,
				49B5159828FD4F1D004D30A2 /* Assets.xcassets */,
			);
			path = Ressources;
			sourceTree = "<group>";
		};
		49B515A828FD4FFD004D30A2 /* Fonts */ = {
			isa = PBXGroup;
			children = (
				49B515AD28FD9E27004D30A2 /* Roboto-Black.ttf */,
				49B515B528FD9E28004D30A2 /* Roboto-BlackItalic.ttf */,
				49B515B928FE730E004D30A2 /* Poppins-Black.ttf */,
				49B515B628FE730E004D30A2 /* Poppins-Bold.ttf */,
				49B515BE28FE730E004D30A2 /* Poppins-ExtraBold.ttf */,
				49B515BA28FE730E004D30A2 /* Poppins-ExtraLight.ttf */,
				4952CE2E2900162F00B93F91 /* Inter-Medium.ttf */,
				4952CE2F2900162F00B93F91 /* Inter-SemiBold.ttf */,
				4952CE2D2900162F00B93F91 /* Inter-Thin.ttf */,
				49B515B828FE730E004D30A2 /* Poppins-Light.ttf */,
				49B515BB28FE730E004D30A2 /* Poppins-Medium.ttf */,
				49B515B728FE730E004D30A2 /* Poppins-Regular.ttf */,
				49B515BC28FE730E004D30A2 /* Poppins-SemiBold.ttf */,
				49B515BD28FE730E004D30A2 /* Poppins-Thin.ttf */,
				49B515B428FD9E28004D30A2 /* Roboto-Bold.ttf */,
				49B515B028FD9E27004D30A2 /* Roboto-BoldItalic.ttf */,
				49B515AE28FD9E27004D30A2 /* Roboto-Italic.ttf */,
				49B515AC28FD9E27004D30A2 /* Roboto-Light.ttf */,
				49B515AF28FD9E27004D30A2 /* Roboto-LightItalic.ttf */,
				49B515B128FD9E28004D30A2 /* Roboto-Medium.ttf */,
				49B515B228FD9E28004D30A2 /* Roboto-MediumItalic.ttf */,
				49B515B328FD9E28004D30A2 /* Roboto-Regular.ttf */,
				49B515AB28FD9E26004D30A2 /* Roboto-Thin.ttf */,
				49B515AA28FD9E26004D30A2 /* Roboto-ThinItalic.ttf */,
			);
			path = Fonts;
			sourceTree = "<group>";
		};
		49B515A928FD51FC004D30A2 /* Components */ = {
			isa = PBXGroup;
			children = (
				4968A37C292BB62C00D03974 /* Label */,
				4968A370292B749700D03974 /* TextFields */,
				49D7A822291A314A009A08C1 /* Messages */,
				49D7A81929194AED009A08C1 /* Buttons */,
				4923A10A2913EC4A0050ABBE /* TabBar */,
				4952CE3529002D2B00B93F91 /* Stories */,
				4952CE2A2900123500B93F91 /* InputFields */,
				4952CE292900122800B93F91 /* Shapes */,
				4952CE2829000FEC00B93F91 /* Tweets */,
			);
			path = Components;
			sourceTree = "<group>";
		};
		49B515D828FE867E004D30A2 /* Auth */ = {
			isa = PBXGroup;
			children = (
				49B515DA28FE86F3004D30A2 /* ViewModels */,
				49B515D928FE86ED004D30A2 /* Views */,
			);
			path = Auth;
			sourceTree = "<group>";
		};
		49B515D928FE86ED004D30A2 /* Views */ = {
			isa = PBXGroup;
			children = (
				49AF52A0292B56C700420AE1 /* LoginScreen.swift */,
				4952CE2328FFD6C100B93F91 /* SignUpScreen.swift */,
				4952CE2B290014E600B93F91 /* GDPR.swift */,
			);
			path = Views;
			sourceTree = "<group>";
		};
		49B515DA28FE86F3004D30A2 /* ViewModels */ = {
			isa = PBXGroup;
			children = (
				49036397292A80A400D0F4A7 /* UserStateViewModel.swift */,
			);
			path = ViewModels;
			sourceTree = "<group>";
		};
		49D7A8152919256B009A08C1 /* ViewModels */ = {
			isa = PBXGroup;
			children = (
				49D7A817291925AC009A08C1 /* ViewRouter.swift */,
			);
			path = ViewModels;
			sourceTree = "<group>";
		};
		49D7A8162919257E009A08C1 /* Views */ = {
			isa = PBXGroup;
			children = (
				4923A10829129AB50050ABBE /* MainTabView.swift */,
			);
			path = Views;
			sourceTree = "<group>";
		};
		49D7A81929194AED009A08C1 /* Buttons */ = {
			isa = PBXGroup;
			children = (
				49D7A81A29194CCE009A08C1 /* TextLargeButtonStyle.swift */,
				4968A373292BA77C00D03974 /* IconButton.swift */,
			);
			path = Buttons;
			sourceTree = "<group>";
		};
		49D7A81C291A2C97009A08C1 /* Messages */ = {
			isa = PBXGroup;
			children = (
				49D7A81E291A2CBB009A08C1 /* ViewModels */,
				49D7A81D291A2CB6009A08C1 /* Views */,
			);
			path = Messages;
			sourceTree = "<group>";
		};
		49D7A81D291A2CB6009A08C1 /* Views */ = {
			isa = PBXGroup;
			children = (
				49D7A820291A2D1C009A08C1 /* MessageScreen.swift */,
				49AF529A292B51AC00420AE1 /* DetailMessageScreen.swift */,
			);
			path = Views;
			sourceTree = "<group>";
		};
		49D7A81E291A2CBB009A08C1 /* ViewModels */ = {
			isa = PBXGroup;
			children = (
			);
			path = ViewModels;
			sourceTree = "<group>";
		};
		49D7A822291A314A009A08C1 /* Messages */ = {
			isa = PBXGroup;
			children = (
				49D7A825291A3185009A08C1 /* MessageRowView.swift */,
				49AF529E292B531F00420AE1 /* ContentMessageView.swift */,
				49AF52A2292B571200420AE1 /* MessageView.swift */,
			);
			path = Messages;
			sourceTree = "<group>";
		};
/* End PBXGroup section */

/* Begin PBXNativeTarget section */
		49B5159028FD4F1B004D30A2 /* ChatApp */ = {
			isa = PBXNativeTarget;
			buildConfigurationList = 49B5159F28FD4F1D004D30A2 /* Build configuration list for PBXNativeTarget "ChatApp" */;
			buildPhases = (
				49B5158D28FD4F1B004D30A2 /* Sources */,
				49B5158E28FD4F1B004D30A2 /* Frameworks */,
				49B5158F28FD4F1B004D30A2 /* Resources */,
			);
			buildRules = (
			);
			dependencies = (
			);
			name = ChatApp;
			productName = ChatApp;
			productReference = 49B5159128FD4F1B004D30A2 /* ChatApp.app */;
			productType = "com.apple.product-type.application";
		};
/* End PBXNativeTarget section */

/* Begin PBXProject section */
		49B5158928FD4F1B004D30A2 /* Project object */ = {
			isa = PBXProject;
			attributes = {
				BuildIndependentTargetsInParallel = 1;
				LastSwiftUpdateCheck = 1400;
				LastUpgradeCheck = 1400;
				TargetAttributes = {
					49B5159028FD4F1B004D30A2 = {
						CreatedOnToolsVersion = 14.0.1;
					};
				};
			};
			buildConfigurationList = 49B5158C28FD4F1B004D30A2 /* Build configuration list for PBXProject "ChatApp" */;
			compatibilityVersion = "Xcode 14.0";
			developmentRegion = en;
			hasScannedForEncodings = 0;
			knownRegions = (
				en,
				Base,
			);
			mainGroup = 49B5158828FD4F1B004D30A2;
			productRefGroup = 49B5159228FD4F1B004D30A2 /* Products */;
			projectDirPath = "";
			projectRoot = "";
			targets = (
				49B5159028FD4F1B004D30A2 /* ChatApp */,
			);
		};
/* End PBXProject section */

/* Begin PBXResourcesBuildPhase section */
		49B5158F28FD4F1B004D30A2 /* Resources */ = {
			isa = PBXResourcesBuildPhase;
			buildActionMask = 2147483647;
			files = (
				49B515CB28FE7374004D30A2 /* Poppins-ExtraLight.ttf in Resources */,
				49B515D128FE7374004D30A2 /* Roboto-Italic.ttf in Resources */,
				49B515D428FE7374004D30A2 /* Roboto-LightItalic.ttf in Resources */,
				49B5159C28FD4F1D004D30A2 /* Preview Assets.xcassets in Resources */,
				4952CE322900162F00B93F91 /* Inter-SemiBold.ttf in Resources */,
				49B515C628FE7374004D30A2 /* Poppins-SemiBold.ttf in Resources */,
				49B515C428FE7374004D30A2 /* Poppins-ExtraBold.ttf in Resources */,
				49B515CC28FE7374004D30A2 /* Roboto-BoldItalic.ttf in Resources */,
				49B515CE28FE7374004D30A2 /* Roboto-Medium.ttf in Resources */,
				49B515D328FE7374004D30A2 /* Roboto-BlackItalic.ttf in Resources */,
				49B515D528FE7374004D30A2 /* Poppins-Thin.ttf in Resources */,
				49B515C528FE7374004D30A2 /* Roboto-Bold.ttf in Resources */,
				49B515C328FE7374004D30A2 /* Poppins-Medium.ttf in Resources */,
				49B515BF28FE7317004D30A2 /* Poppins-Bold.ttf in Resources */,
				4952CE312900162F00B93F91 /* Inter-Medium.ttf in Resources */,
				49B515C828FE7374004D30A2 /* Poppins-Black.ttf in Resources */,
				49B515CD28FE7374004D30A2 /* Poppins-Regular.ttf in Resources */,
				49B515C728FE7374004D30A2 /* Roboto-Light.ttf in Resources */,
				49B515CF28FE7374004D30A2 /* Roboto-MediumItalic.ttf in Resources */,
				49B515C928FE7374004D30A2 /* Roboto-Thin.ttf in Resources */,
				49B515D028FE7374004D30A2 /* Roboto-Regular.ttf in Resources */,
				49B515D228FE7374004D30A2 /* Roboto-ThinItalic.ttf in Resources */,
				4952CE302900162F00B93F91 /* Inter-Thin.ttf in Resources */,
				49B515CA28FE7374004D30A2 /* Poppins-Light.ttf in Resources */,
				49B515D628FE7374004D30A2 /* Roboto-Black.ttf in Resources */,
				49B5159928FD4F1D004D30A2 /* Assets.xcassets in Resources */,
			);
			runOnlyForDeploymentPostprocessing = 0;
		};
/* End PBXResourcesBuildPhase section */

/* Begin PBXSourcesBuildPhase section */
		49B5158D28FD4F1B004D30A2 /* Sources */ = {
			isa = PBXSourcesBuildPhase;
			buildActionMask = 2147483647;
			files = (
				49B515E828FEE1E7004D30A2 /* RoundedShape.swift in Sources */,
				49AF529B292B51AC00420AE1 /* DetailMessageScreen.swift in Sources */,
				49AF52A3292B571200420AE1 /* MessageView.swift in Sources */,
				4923A10C2913EC640050ABBE /* TabBarIcon.swift in Sources */,
				49B515E028FEA524004D30A2 /* CustomInputField.swift in Sources */,
				4952CE2C290014E600B93F91 /* GDPR.swift in Sources */,
				4952CE39290034FC00B93F91 /* FeedScreen.swift in Sources */,
				49D7A821291A2D1C009A08C1 /* MessageScreen.swift in Sources */,
				49D7A81B29194CCE009A08C1 /* TextLargeButtonStyle.swift in Sources */,
				49D7A826291A3185009A08C1 /* MessageRowView.swift in Sources */,
				4952CE3F29011D6600B93F91 /* Color+Extensions.swift in Sources */,
				4903639C292A8C8800D0F4A7 /* UserResponse.swift in Sources */,
				4952CE432901865B00B93F91 /* StringTransformation.swift in Sources */,
				4968A37E292BB64200D03974 /* CustomLabel.swift in Sources */,
				49B515E228FEA784004D30A2 /* CustomSecureInput.swift in Sources */,
				49AF529F292B531F00420AE1 /* ContentMessageView.swift in Sources */,
				4968A380292BBA9400D03974 /* CountLabel.swift in Sources */,
				4952CE37290030A000B93F91 /* StoryRowView.swift in Sources */,
				4952CE2428FFD6C100B93F91 /* SignUpScreen.swift in Sources */,
				4952CE3D29011C2000B93F91 /* TweetView.swift in Sources */,
				49036398292A80A400D0F4A7 /* UserStateViewModel.swift in Sources */,
				4923A10929129AB50050ABBE /* MainTabView.swift in Sources */,
				49B515E628FEC569004D30A2 /* CheckboxField.swift in Sources */,
				4952CE342900267200B93F91 /* UIScreen+Extensions.swift in Sources */,
				49AF529D292B52EB00420AE1 /* Message.swift in Sources */,
				49D7A818291925AC009A08C1 /* ViewRouter.swift in Sources */,
				49B5159728FD4F1B004D30A2 /* ContentView.swift in Sources */,
				4952CE3B290119D600B93F91 /* CreateStoryView.swift in Sources */,
				4968A374292BA77C00D03974 /* IconButton.swift in Sources */,
				49AF52A1292B56C700420AE1 /* LoginScreen.swift in Sources */,
				4968A372292B74B100D03974 /* MessageTextField.swift in Sources */,
				49B5159528FD4F1B004D30A2 /* ChatAppApp.swift in Sources */,
				4952CE4129011FD700B93F91 /* CustomIcon.swift in Sources */,
				4968A37B292BB15000D03974 /* ProfileScreen.swift in Sources */,
			);
			runOnlyForDeploymentPostprocessing = 0;
		};
/* End PBXSourcesBuildPhase section */

/* Begin XCBuildConfiguration section */
		49B5159D28FD4F1D004D30A2 /* Debug */ = {
			isa = XCBuildConfiguration;
			buildSettings = {
				ALWAYS_SEARCH_USER_PATHS = NO;
				CLANG_ANALYZER_NONNULL = YES;
				CLANG_ANALYZER_NUMBER_OBJECT_CONVERSION = YES_AGGRESSIVE;
				CLANG_CXX_LANGUAGE_STANDARD = "gnu++20";
				CLANG_ENABLE_MODULES = YES;
				CLANG_ENABLE_OBJC_ARC = YES;
				CLANG_ENABLE_OBJC_WEAK = YES;
				CLANG_WARN_BLOCK_CAPTURE_AUTORELEASING = YES;
				CLANG_WARN_BOOL_CONVERSION = YES;
				CLANG_WARN_COMMA = YES;
				CLANG_WARN_CONSTANT_CONVERSION = YES;
				CLANG_WARN_DEPRECATED_OBJC_IMPLEMENTATIONS = YES;
				CLANG_WARN_DIRECT_OBJC_ISA_USAGE = YES_ERROR;
				CLANG_WARN_DOCUMENTATION_COMMENTS = YES;
				CLANG_WARN_EMPTY_BODY = YES;
				CLANG_WARN_ENUM_CONVERSION = YES;
				CLANG_WARN_INFINITE_RECURSION = YES;
				CLANG_WARN_INT_CONVERSION = YES;
				CLANG_WARN_NON_LITERAL_NULL_CONVERSION = YES;
				CLANG_WARN_OBJC_IMPLICIT_RETAIN_SELF = YES;
				CLANG_WARN_OBJC_LITERAL_CONVERSION = YES;
				CLANG_WARN_OBJC_ROOT_CLASS = YES_ERROR;
				CLANG_WARN_QUOTED_INCLUDE_IN_FRAMEWORK_HEADER = YES;
				CLANG_WARN_RANGE_LOOP_ANALYSIS = YES;
				CLANG_WARN_STRICT_PROTOTYPES = YES;
				CLANG_WARN_SUSPICIOUS_MOVE = YES;
				CLANG_WARN_UNGUARDED_AVAILABILITY = YES_AGGRESSIVE;
				CLANG_WARN_UNREACHABLE_CODE = YES;
				CLANG_WARN__DUPLICATE_METHOD_MATCH = YES;
				COPY_PHASE_STRIP = NO;
				DEBUG_INFORMATION_FORMAT = dwarf;
				ENABLE_STRICT_OBJC_MSGSEND = YES;
				ENABLE_TESTABILITY = YES;
				GCC_C_LANGUAGE_STANDARD = gnu11;
				GCC_DYNAMIC_NO_PIC = NO;
				GCC_NO_COMMON_BLOCKS = YES;
				GCC_OPTIMIZATION_LEVEL = 0;
				GCC_PREPROCESSOR_DEFINITIONS = (
					"DEBUG=1",
					"$(inherited)",
				);
				GCC_WARN_64_TO_32_BIT_CONVERSION = YES;
				GCC_WARN_ABOUT_RETURN_TYPE = YES_ERROR;
				GCC_WARN_UNDECLARED_SELECTOR = YES;
				GCC_WARN_UNINITIALIZED_AUTOS = YES_AGGRESSIVE;
				GCC_WARN_UNUSED_FUNCTION = YES;
				GCC_WARN_UNUSED_VARIABLE = YES;
				IPHONEOS_DEPLOYMENT_TARGET = 16.0;
				MTL_ENABLE_DEBUG_INFO = INCLUDE_SOURCE;
				MTL_FAST_MATH = YES;
				ONLY_ACTIVE_ARCH = YES;
				SDKROOT = iphoneos;
				SWIFT_ACTIVE_COMPILATION_CONDITIONS = DEBUG;
				SWIFT_OPTIMIZATION_LEVEL = "-Onone";
			};
			name = Debug;
		};
		49B5159E28FD4F1D004D30A2 /* Release */ = {
			isa = XCBuildConfiguration;
			buildSettings = {
				ALWAYS_SEARCH_USER_PATHS = NO;
				CLANG_ANALYZER_NONNULL = YES;
				CLANG_ANALYZER_NUMBER_OBJECT_CONVERSION = YES_AGGRESSIVE;
				CLANG_CXX_LANGUAGE_STANDARD = "gnu++20";
				CLANG_ENABLE_MODULES = YES;
				CLANG_ENABLE_OBJC_ARC = YES;
				CLANG_ENABLE_OBJC_WEAK = YES;
				CLANG_WARN_BLOCK_CAPTURE_AUTORELEASING = YES;
				CLANG_WARN_BOOL_CONVERSION = YES;
				CLANG_WARN_COMMA = YES;
				CLANG_WARN_CONSTANT_CONVERSION = YES;
				CLANG_WARN_DEPRECATED_OBJC_IMPLEMENTATIONS = YES;
				CLANG_WARN_DIRECT_OBJC_ISA_USAGE = YES_ERROR;
				CLANG_WARN_DOCUMENTATION_COMMENTS = YES;
				CLANG_WARN_EMPTY_BODY = YES;
				CLANG_WARN_ENUM_CONVERSION = YES;
				CLANG_WARN_INFINITE_RECURSION = YES;
				CLANG_WARN_INT_CONVERSION = YES;
				CLANG_WARN_NON_LITERAL_NULL_CONVERSION = YES;
				CLANG_WARN_OBJC_IMPLICIT_RETAIN_SELF = YES;
				CLANG_WARN_OBJC_LITERAL_CONVERSION = YES;
				CLANG_WARN_OBJC_ROOT_CLASS = YES_ERROR;
				CLANG_WARN_QUOTED_INCLUDE_IN_FRAMEWORK_HEADER = YES;
				CLANG_WARN_RANGE_LOOP_ANALYSIS = YES;
				CLANG_WARN_STRICT_PROTOTYPES = YES;
				CLANG_WARN_SUSPICIOUS_MOVE = YES;
				CLANG_WARN_UNGUARDED_AVAILABILITY = YES_AGGRESSIVE;
				CLANG_WARN_UNREACHABLE_CODE = YES;
				CLANG_WARN__DUPLICATE_METHOD_MATCH = YES;
				COPY_PHASE_STRIP = NO;
				DEBUG_INFORMATION_FORMAT = "dwarf-with-dsym";
				ENABLE_NS_ASSERTIONS = NO;
				ENABLE_STRICT_OBJC_MSGSEND = YES;
				GCC_C_LANGUAGE_STANDARD = gnu11;
				GCC_NO_COMMON_BLOCKS = YES;
				GCC_WARN_64_TO_32_BIT_CONVERSION = YES;
				GCC_WARN_ABOUT_RETURN_TYPE = YES_ERROR;
				GCC_WARN_UNDECLARED_SELECTOR = YES;
				GCC_WARN_UNINITIALIZED_AUTOS = YES_AGGRESSIVE;
				GCC_WARN_UNUSED_FUNCTION = YES;
				GCC_WARN_UNUSED_VARIABLE = YES;
				IPHONEOS_DEPLOYMENT_TARGET = 16.0;
				MTL_ENABLE_DEBUG_INFO = NO;
				MTL_FAST_MATH = YES;
				SDKROOT = iphoneos;
				SWIFT_COMPILATION_MODE = wholemodule;
				SWIFT_OPTIMIZATION_LEVEL = "-O";
				VALIDATE_PRODUCT = YES;
			};
			name = Release;
		};
		49B515A028FD4F1D004D30A2 /* Debug */ = {
			isa = XCBuildConfiguration;
			buildSettings = {
				ASSETCATALOG_COMPILER_APPICON_NAME = AppIcon;
				ASSETCATALOG_COMPILER_GLOBAL_ACCENT_COLOR_NAME = AccentColor;
				CODE_SIGN_STYLE = Automatic;
				CURRENT_PROJECT_VERSION = 1;
				DEVELOPMENT_ASSET_PATHS = "\"ChatApp/Preview Content\"";
				DEVELOPMENT_TEAM = 5LP3MC28Z5;
				ENABLE_PREVIEWS = YES;
				GENERATE_INFOPLIST_FILE = YES;
				INFOPLIST_FILE = ChatApp/Info.plist;
				INFOPLIST_KEY_CFBundleDisplayName = BizTalks;
				INFOPLIST_KEY_UIApplicationSceneManifest_Generation = YES;
				INFOPLIST_KEY_UIApplicationSupportsIndirectInputEvents = YES;
				INFOPLIST_KEY_UILaunchScreen_Generation = YES;
				INFOPLIST_KEY_UISupportedInterfaceOrientations = "UIInterfaceOrientationPortrait UIInterfaceOrientationPortraitUpsideDown";
				LD_RUNPATH_SEARCH_PATHS = (
					"$(inherited)",
					"@executable_path/Frameworks",
				);
				MARKETING_VERSION = 1.0;
				PRODUCT_BUNDLE_IDENTIFIER = com.madiapps.fr.ChatApp;
				PRODUCT_NAME = "$(TARGET_NAME)";
				SWIFT_EMIT_LOC_STRINGS = YES;
				SWIFT_VERSION = 5.0;
				TARGETED_DEVICE_FAMILY = "1,2";
			};
			name = Debug;
		};
		49B515A128FD4F1D004D30A2 /* Release */ = {
			isa = XCBuildConfiguration;
			buildSettings = {
				ASSETCATALOG_COMPILER_APPICON_NAME = AppIcon;
				ASSETCATALOG_COMPILER_GLOBAL_ACCENT_COLOR_NAME = AccentColor;
				CODE_SIGN_STYLE = Automatic;
				CURRENT_PROJECT_VERSION = 1;
				DEVELOPMENT_ASSET_PATHS = "\"ChatApp/Preview Content\"";
				DEVELOPMENT_TEAM = 5LP3MC28Z5;
				ENABLE_PREVIEWS = YES;
				GENERATE_INFOPLIST_FILE = YES;
				INFOPLIST_FILE = ChatApp/Info.plist;
				INFOPLIST_KEY_CFBundleDisplayName = BizTalks;
				INFOPLIST_KEY_UIApplicationSceneManifest_Generation = YES;
				INFOPLIST_KEY_UIApplicationSupportsIndirectInputEvents = YES;
				INFOPLIST_KEY_UILaunchScreen_Generation = YES;
				INFOPLIST_KEY_UISupportedInterfaceOrientations = "UIInterfaceOrientationPortrait UIInterfaceOrientationPortraitUpsideDown";
				LD_RUNPATH_SEARCH_PATHS = (
					"$(inherited)",
					"@executable_path/Frameworks",
				);
				MARKETING_VERSION = 1.0;
				PRODUCT_BUNDLE_IDENTIFIER = com.madiapps.fr.ChatApp;
				PRODUCT_NAME = "$(TARGET_NAME)";
				SWIFT_EMIT_LOC_STRINGS = YES;
				SWIFT_VERSION = 5.0;
				TARGETED_DEVICE_FAMILY = "1,2";
			};
			name = Release;
		};
/* End XCBuildConfiguration section */

/* Begin XCConfigurationList section */
		49B5158C28FD4F1B004D30A2 /* Build configuration list for PBXProject "ChatApp" */ = {
			isa = XCConfigurationList;
			buildConfigurations = (
				49B5159D28FD4F1D004D30A2 /* Debug */,
				49B5159E28FD4F1D004D30A2 /* Release */,
			);
			defaultConfigurationIsVisible = 0;
			defaultConfigurationName = Release;
		};
		49B5159F28FD4F1D004D30A2 /* Build configuration list for PBXNativeTarget "ChatApp" */ = {
			isa = XCConfigurationList;
			buildConfigurations = (
				49B515A028FD4F1D004D30A2 /* Debug */,
				49B515A128FD4F1D004D30A2 /* Release */,
			);
			defaultConfigurationIsVisible = 0;
			defaultConfigurationName = Release;
		};
/* End XCConfigurationList section */
	};
	rootObject = 49B5158928FD4F1B004D30A2 /* Project object */;
}
